// !$*UTF8*$!
{
	archiveVersion = 1;
	classes = {
	};
	objectVersion = 56;
	objects = {

/* Begin PBXBuildFile section */
		C06DF3952C623C8A00379C1E /* AppDelegate.swift in Sources */ = {isa = PBXBuildFile; fileRef = C06DF3942C623C8A00379C1E /* AppDelegate.swift */; };
		C06DF3972C623C8A00379C1E /* SceneDelegate.swift in Sources */ = {isa = PBXBuildFile; fileRef = C06DF3962C623C8A00379C1E /* SceneDelegate.swift */; };
		C06DF3992C623C8A00379C1E /* ViewController.swift in Sources */ = {isa = PBXBuildFile; fileRef = C06DF3982C623C8A00379C1E /* ViewController.swift */; };
		C06DF39C2C623C8A00379C1E /* Base in Resources */ = {isa = PBXBuildFile; fileRef = C06DF39B2C623C8A00379C1E /* Base */; };
		C06DF39E2C623C8B00379C1E /* Assets.xcassets in Resources */ = {isa = PBXBuildFile; fileRef = C06DF39D2C623C8B00379C1E /* Assets.xcassets */; };
		C06DF3A12C623C8B00379C1E /* Base in Resources */ = {isa = PBXBuildFile; fileRef = C06DF3A02C623C8B00379C1E /* Base */; };
		C06DF3AC2C623C8B00379C1E /* ToDo_TestTests.swift in Sources */ = {isa = PBXBuildFile; fileRef = C06DF3AB2C623C8B00379C1E /* ToDo_TestTests.swift */; };
		C06DF3B62C623C8B00379C1E /* ToDo_TestUITests.swift in Sources */ = {isa = PBXBuildFile; fileRef = C06DF3B52C623C8B00379C1E /* ToDo_TestUITests.swift */; };
		C06DF3B82C623C8B00379C1E /* ToDo_TestUITestsLaunchTests.swift in Sources */ = {isa = PBXBuildFile; fileRef = C06DF3B72C623C8B00379C1E /* ToDo_TestUITestsLaunchTests.swift */; };
/* End PBXBuildFile section */

/* Begin PBXContainerItemProxy section */
		C06DF3A82C623C8B00379C1E /* PBXContainerItemProxy */ = {
			isa = PBXContainerItemProxy;
			containerPortal = C06DF3892C623C8A00379C1E /* Project object */;
			proxyType = 1;
			remoteGlobalIDString = C06DF3902C623C8A00379C1E;
			remoteInfo = "ToDo Test";
		};
		C06DF3B22C623C8B00379C1E /* PBXContainerItemProxy */ = {
			isa = PBXContainerItemProxy;
			containerPortal = C06DF3892C623C8A00379C1E /* Project object */;
			proxyType = 1;
			remoteGlobalIDString = C06DF3902C623C8A00379C1E;
			remoteInfo = "ToDo Test";
		};
/* End PBXContainerItemProxy section */

/* Begin PBXFileReference section */
		C06DF3912C623C8A00379C1E /* ToDo Test.app */ = {isa = PBXFileReference; explicitFileType = wrapper.application; includeInIndex = 0; path = "ToDo Test.app"; sourceTree = BUILT_PRODUCTS_DIR; };
		C06DF3942C623C8A00379C1E /* AppDelegate.swift */ = {isa = PBXFileReference; lastKnownFileType = sourcecode.swift; path = AppDelegate.swift; sourceTree = "<group>"; };
		C06DF3962C623C8A00379C1E /* SceneDelegate.swift */ = {isa = PBXFileReference; lastKnownFileType = sourcecode.swift; path = SceneDelegate.swift; sourceTree = "<group>"; };
		C06DF3982C623C8A00379C1E /* ViewController.swift */ = {isa = PBXFileReference; lastKnownFileType = sourcecode.swift; path = ViewController.swift; sourceTree = "<group>"; };
		C06DF39B2C623C8A00379C1E /* Base */ = {isa = PBXFileReference; lastKnownFileType = file.storyboard; name = Base; path = Base.lproj/Main.storyboard; sourceTree = "<group>"; };
		C06DF39D2C623C8B00379C1E /* Assets.xcassets */ = {isa = PBXFileReference; lastKnownFileType = folder.assetcatalog; path = Assets.xcassets; sourceTree = "<group>"; };
		C06DF3A02C623C8B00379C1E /* Base */ = {isa = PBXFileReference; lastKnownFileType = file.storyboard; name = Base; path = Base.lproj/LaunchScreen.storyboard; sourceTree = "<group>"; };
		C06DF3A22C623C8B00379C1E /* Info.plist */ = {isa = PBXFileReference; lastKnownFileType = text.plist.xml; path = Info.plist; sourceTree = "<group>"; };
		C06DF3A72C623C8B00379C1E /* ToDo TestTests.xctest */ = {isa = PBXFileReference; explicitFileType = wrapper.cfbundle; includeInIndex = 0; path = "ToDo TestTests.xctest"; sourceTree = BUILT_PRODUCTS_DIR; };
		C06DF3AB2C623C8B00379C1E /* ToDo_TestTests.swift */ = {isa = PBXFileReference; lastKnownFileType = sourcecode.swift; path = ToDo_TestTests.swift; sourceTree = "<group>"; };
		C06DF3B12C623C8B00379C1E /* ToDo TestUITests.xctest */ = {isa = PBXFileReference; explicitFileType = wrapper.cfbundle; includeInIndex = 0; path = "ToDo TestUITests.xctest"; sourceTree = BUILT_PRODUCTS_DIR; };
		C06DF3B52C623C8B00379C1E /* ToDo_TestUITests.swift */ = {isa = PBXFileReference; lastKnownFileType = sourcecode.swift; path = ToDo_TestUITests.swift; sourceTree = "<group>"; };
		C06DF3B72C623C8B00379C1E /* ToDo_TestUITestsLaunchTests.swift */ = {isa = PBXFileReference; lastKnownFileType = sourcecode.swift; path = ToDo_TestUITestsLaunchTests.swift; sourceTree = "<group>"; };
/* End PBXFileReference section */

/* Begin PBXFrameworksBuildPhase section */
		C06DF38E2C623C8A00379C1E /* Frameworks */ = {
			isa = PBXFrameworksBuildPhase;
			buildActionMask = 2147483647;
			files = (
			);
			runOnlyForDeploymentPostprocessing = 0;
		};
		C06DF3A42C623C8B00379C1E /* Frameworks */ = {
			isa = PBXFrameworksBuildPhase;
			buildActionMask = 2147483647;
			files = (
			);
			runOnlyForDeploymentPostprocessing = 0;
		};
		C06DF3AE2C623C8B00379C1E /* Frameworks */ = {
			isa = PBXFrameworksBuildPhase;
			buildActionMask = 2147483647;
			files = (
			);
			runOnlyForDeploymentPostprocessing = 0;
		};
/* End PBXFrameworksBuildPhase section */

/* Begin PBXGroup section */
		C06DF3882C623C8A00379C1E = {
			isa = PBXGroup;
			children = (
				C06DF3932C623C8A00379C1E /* ToDo Test */,
				C06DF3AA2C623C8B00379C1E /* ToDo TestTests */,
				C06DF3B42C623C8B00379C1E /* ToDo TestUITests */,
				C06DF3922C623C8A00379C1E /* Products */,
			);
			sourceTree = "<group>";
		};
		C06DF3922C623C8A00379C1E /* Products */ = {
			isa = PBXGroup;
			children = (
				C06DF3912C623C8A00379C1E /* ToDo Test.app */,
				C06DF3A72C623C8B00379C1E /* ToDo TestTests.xctest */,
				C06DF3B12C623C8B00379C1E /* ToDo TestUITests.xctest */,
			);
			name = Products;
			sourceTree = "<group>";
		};
		C06DF3932C623C8A00379C1E /* ToDo Test */ = {
			isa = PBXGroup;
			children = (
				C06DF3942C623C8A00379C1E /* AppDelegate.swift */,
				C06DF3962C623C8A00379C1E /* SceneDelegate.swift */,
				C06DF3982C623C8A00379C1E /* ViewController.swift */,
				C06DF39A2C623C8A00379C1E /* Main.storyboard */,
				C06DF39D2C623C8B00379C1E /* Assets.xcassets */,
				C06DF39F2C623C8B00379C1E /* LaunchScreen.storyboard */,
				C06DF3A22C623C8B00379C1E /* Info.plist */,
			);
			path = "ToDo Test";
			sourceTree = "<group>";
		};
		C06DF3AA2C623C8B00379C1E /* ToDo TestTests */ = {
			isa = PBXGroup;
			children = (
				C06DF3AB2C623C8B00379C1E /* ToDo_TestTests.swift */,
			);
			path = "ToDo TestTests";
			sourceTree = "<group>";
		};
		C06DF3B42C623C8B00379C1E /* ToDo TestUITests */ = {
			isa = PBXGroup;
			children = (
				C06DF3B52C623C8B00379C1E /* ToDo_TestUITests.swift */,
				C06DF3B72C623C8B00379C1E /* ToDo_TestUITestsLaunchTests.swift */,
			);
			path = "ToDo TestUITests";
			sourceTree = "<group>";
		};
/* End PBXGroup section */

/* Begin PBXNativeTarget section */
		C06DF3902C623C8A00379C1E /* ToDo Test */ = {
			isa = PBXNativeTarget;
			buildConfigurationList = C06DF3BB2C623C8B00379C1E /* Build configuration list for PBXNativeTarget "ToDo Test" */;
			buildPhases = (
				C06DF38D2C623C8A00379C1E /* Sources */,
				C06DF38E2C623C8A00379C1E /* Frameworks */,
				C06DF38F2C623C8A00379C1E /* Resources */,
			);
			buildRules = (
			);
			dependencies = (
			);
			name = "ToDo Test";
			productName = "ToDo Test";
			productReference = C06DF3912C623C8A00379C1E /* ToDo Test.app */;
			productType = "com.apple.product-type.application";
		};
		C06DF3A62C623C8B00379C1E /* ToDo TestTests */ = {
			isa = PBXNativeTarget;
			buildConfigurationList = C06DF3BE2C623C8B00379C1E /* Build configuration list for PBXNativeTarget "ToDo TestTests" */;
			buildPhases = (
				C06DF3A32C623C8B00379C1E /* Sources */,
				C06DF3A42C623C8B00379C1E /* Frameworks */,
				C06DF3A52C623C8B00379C1E /* Resources */,
			);
			buildRules = (
			);
			dependencies = (
				C06DF3A92C623C8B00379C1E /* PBXTargetDependency */,
			);
			name = "ToDo TestTests";
			productName = "ToDo TestTests";
			productReference = C06DF3A72C623C8B00379C1E /* ToDo TestTests.xctest */;
			productType = "com.apple.product-type.bundle.unit-test";
		};
		C06DF3B02C623C8B00379C1E /* ToDo TestUITests */ = {
			isa = PBXNativeTarget;
			buildConfigurationList = C06DF3C12C623C8B00379C1E /* Build configuration list for PBXNativeTarget "ToDo TestUITests" */;
			buildPhases = (
				C06DF3AD2C623C8B00379C1E /* Sources */,
				C06DF3AE2C623C8B00379C1E /* Frameworks */,
				C06DF3AF2C623C8B00379C1E /* Resources */,
			);
			buildRules = (
			);
			dependencies = (
				C06DF3B32C623C8B00379C1E /* PBXTargetDependency */,
			);
			name = "ToDo TestUITests";
			productName = "ToDo TestUITests";
			productReference = C06DF3B12C623C8B00379C1E /* ToDo TestUITests.xctest */;
			productType = "com.apple.product-type.bundle.ui-testing";
		};
/* End PBXNativeTarget section */

/* Begin PBXProject section */
		C06DF3892C623C8A00379C1E /* Project object */ = {
			isa = PBXProject;
			attributes = {
				BuildIndependentTargetsInParallel = 1;
				LastSwiftUpdateCheck = 1540;
				LastUpgradeCheck = 1540;
				TargetAttributes = {
					C06DF3902C623C8A00379C1E = {
						CreatedOnToolsVersion = 15.4;
					};
					C06DF3A62C623C8B00379C1E = {
						CreatedOnToolsVersion = 15.4;
						TestTargetID = C06DF3902C623C8A00379C1E;
					};
					C06DF3B02C623C8B00379C1E = {
						CreatedOnToolsVersion = 15.4;
						TestTargetID = C06DF3902C623C8A00379C1E;
					};
				};
			};
			buildConfigurationList = C06DF38C2C623C8A00379C1E /* Build configuration list for PBXProject "ToDo Test" */;
			compatibilityVersion = "Xcode 14.0";
			developmentRegion = en;
			hasScannedForEncodings = 0;
			knownRegions = (
				en,
				Base,
			);
			mainGroup = C06DF3882C623C8A00379C1E;
			productRefGroup = C06DF3922C623C8A00379C1E /* Products */;
			projectDirPath = "";
			projectRoot = "";
			targets = (
				C06DF3902C623C8A00379C1E /* ToDo Test */,
				C06DF3A62C623C8B00379C1E /* ToDo TestTests */,
				C06DF3B02C623C8B00379C1E /* ToDo TestUITests */,
			);
		};
/* End PBXProject section */

/* Begin PBXResourcesBuildPhase section */
		C06DF38F2C623C8A00379C1E /* Resources */ = {
			isa = PBXResourcesBuildPhase;
			buildActionMask = 2147483647;
			files = (
				C06DF39E2C623C8B00379C1E /* Assets.xcassets in Resources */,
				C06DF3A12C623C8B00379C1E /* Base in Resources */,
				C06DF39C2C623C8A00379C1E /* Base in Resources */,
			);
			runOnlyForDeploymentPostprocessing = 0;
		};
		C06DF3A52C623C8B00379C1E /* Resources */ = {
			isa = PBXResourcesBuildPhase;
			buildActionMask = 2147483647;
			files = (
			);
			runOnlyForDeploymentPostprocessing = 0;
		};
		C06DF3AF2C623C8B00379C1E /* Resources */ = {
			isa = PBXResourcesBuildPhase;
			buildActionMask = 2147483647;
			files = (
			);
			runOnlyForDeploymentPostprocessing = 0;
		};
/* End PBXResourcesBuildPhase section */

/* Begin PBXSourcesBuildPhase section */
		C06DF38D2C623C8A00379C1E /* Sources */ = {
			isa = PBXSourcesBuildPhase;
			buildActionMask = 2147483647;
			files = (
				C06DF3992C623C8A00379C1E /* ViewController.swift in Sources */,
				C06DF3952C623C8A00379C1E /* AppDelegate.swift in Sources */,
				C06DF3972C623C8A00379C1E /* SceneDelegate.swift in Sources */,
			);
			runOnlyForDeploymentPostprocessing = 0;
		};
		C06DF3A32C623C8B00379C1E /* Sources */ = {
			isa = PBXSourcesBuildPhase;
			buildActionMask = 2147483647;
			files = (
				C06DF3AC2C623C8B00379C1E /* ToDo_TestTests.swift in Sources */,
			);
			runOnlyForDeploymentPostprocessing = 0;
		};
		C06DF3AD2C623C8B00379C1E /* Sources */ = {
			isa = PBXSourcesBuildPhase;
			buildActionMask = 2147483647;
			files = (
				C06DF3B82C623C8B00379C1E /* ToDo_TestUITestsLaunchTests.swift in Sources */,
				C06DF3B62C623C8B00379C1E /* ToDo_TestUITests.swift in Sources */,
			);
			runOnlyForDeploymentPostprocessing = 0;
		};
/* End PBXSourcesBuildPhase section */

/* Begin PBXTargetDependency section */
		C06DF3A92C623C8B00379C1E /* PBXTargetDependency */ = {
			isa = PBXTargetDependency;
			target = C06DF3902C623C8A00379C1E /* ToDo Test */;
			targetProxy = C06DF3A82C623C8B00379C1E /* PBXContainerItemProxy */;
		};
		C06DF3B32C623C8B00379C1E /* PBXTargetDependency */ = {
			isa = PBXTargetDependency;
			target = C06DF3902C623C8A00379C1E /* ToDo Test */;
			targetProxy = C06DF3B22C623C8B00379C1E /* PBXContainerItemProxy */;
		};
/* End PBXTargetDependency section */

/* Begin PBXVariantGroup section */
		C06DF39A2C623C8A00379C1E /* Main.storyboard */ = {
			isa = PBXVariantGroup;
			children = (
				C06DF39B2C623C8A00379C1E /* Base */,
			);
			name = Main.storyboard;
			sourceTree = "<group>";
		};
		C06DF39F2C623C8B00379C1E /* LaunchScreen.storyboard */ = {
			isa = PBXVariantGroup;
			children = (
				C06DF3A02C623C8B00379C1E /* Base */,
			);
			name = LaunchScreen.storyboard;
			sourceTree = "<group>";
		};
/* End PBXVariantGroup section */

/* Begin XCBuildConfiguration section */
		C06DF3B92C623C8B00379C1E /* Debug */ = {
			isa = XCBuildConfiguration;
			buildSettings = {
				ALWAYS_SEARCH_USER_PATHS = NO;
				ASSETCATALOG_COMPILER_GENERATE_SWIFT_ASSET_SYMBOL_EXTENSIONS = YES;
				CLANG_ANALYZER_NONNULL = YES;
				CLANG_ANALYZER_NUMBER_OBJECT_CONVERSION = YES_AGGRESSIVE;
				CLANG_CXX_LANGUAGE_STANDARD = "gnu++20";
				CLANG_ENABLE_MODULES = YES;
				CLANG_ENABLE_OBJC_ARC = YES;
				CLANG_ENABLE_OBJC_WEAK = YES;
				CLANG_WARN_BLOCK_CAPTURE_AUTORELEASING = YES;
				CLANG_WARN_BOOL_CONVERSION = YES;
				CLANG_WARN_COMMA = YES;
				CLANG_WARN_CONSTANT_CONVERSION = YES;
				CLANG_WARN_DEPRECATED_OBJC_IMPLEMENTATIONS = YES;
				CLANG_WARN_DIRECT_OBJC_ISA_USAGE = YES_ERROR;
				CLANG_WARN_DOCUMENTATION_COMMENTS = YES;
				CLANG_WARN_EMPTY_BODY = YES;
				CLANG_WARN_ENUM_CONVERSION = YES;
				CLANG_WARN_INFINITE_RECURSION = YES;
				CLANG_WARN_INT_CONVERSION = YES;
				CLANG_WARN_NON_LITERAL_NULL_CONVERSION = YES;
				CLANG_WARN_OBJC_IMPLICIT_RETAIN_SELF = YES;
				CLANG_WARN_OBJC_LITERAL_CONVERSION = YES;
				CLANG_WARN_OBJC_ROOT_CLASS = YES_ERROR;
				CLANG_WARN_QUOTED_INCLUDE_IN_FRAMEWORK_HEADER = YES;
				CLANG_WARN_RANGE_LOOP_ANALYSIS = YES;
				CLANG_WARN_STRICT_PROTOTYPES = YES;
				CLANG_WARN_SUSPICIOUS_MOVE = YES;
				CLANG_WARN_UNGUARDED_AVAILABILITY = YES_AGGRESSIVE;
				CLANG_WARN_UNREACHABLE_CODE = YES;
				CLANG_WARN__DUPLICATE_METHOD_MATCH = YES;
				COPY_PHASE_STRIP = NO;
				DEBUG_INFORMATION_FORMAT = dwarf;
				ENABLE_STRICT_OBJC_MSGSEND = YES;
				ENABLE_TESTABILITY = YES;
				ENABLE_USER_SCRIPT_SANDBOXING = YES;
				GCC_C_LANGUAGE_STANDARD = gnu17;
				GCC_DYNAMIC_NO_PIC = NO;
				GCC_NO_COMMON_BLOCKS = YES;
				GCC_OPTIMIZATION_LEVEL = 0;
				GCC_PREPROCESSOR_DEFINITIONS = (
					"DEBUG=1",
					"$(inherited)",
				);
				GCC_WARN_64_TO_32_BIT_CONVERSION = YES;
				GCC_WARN_ABOUT_RETURN_TYPE = YES_ERROR;
				GCC_WARN_UNDECLARED_SELECTOR = YES;
				GCC_WARN_UNINITIALIZED_AUTOS = YES_AGGRESSIVE;
				GCC_WARN_UNUSED_FUNCTION = YES;
				GCC_WARN_UNUSED_VARIABLE = YES;
				IPHONEOS_DEPLOYMENT_TARGET = 17.5;
				LOCALIZATION_PREFERS_STRING_CATALOGS = YES;
				MTL_ENABLE_DEBUG_INFO = INCLUDE_SOURCE;
				MTL_FAST_MATH = YES;
				ONLY_ACTIVE_ARCH = YES;
				SDKROOT = iphoneos;
				SWIFT_ACTIVE_COMPILATION_CONDITIONS = "DEBUG $(inherited)";
				SWIFT_OPTIMIZATION_LEVEL = "-Onone";
			};
			name = Debug;
		};
		C06DF3BA2C623C8B00379C1E /* Release */ = {
			isa = XCBuildConfiguration;
			buildSettings = {
				ALWAYS_SEARCH_USER_PATHS = NO;
				ASSETCATALOG_COMPILER_GENERATE_SWIFT_ASSET_SYMBOL_EXTENSIONS = YES;
				CLANG_ANALYZER_NONNULL = YES;
				CLANG_ANALYZER_NUMBER_OBJECT_CONVERSION = YES_AGGRESSIVE;
				CLANG_CXX_LANGUAGE_STANDARD = "gnu++20";
				CLANG_ENABLE_MODULES = YES;
				CLANG_ENABLE_OBJC_ARC = YES;
				CLANG_ENABLE_OBJC_WEAK = YES;
				CLANG_WARN_BLOCK_CAPTURE_AUTORELEASING = YES;
				CLANG_WARN_BOOL_CONVERSION = YES;
				CLANG_WARN_COMMA = YES;
				CLANG_WARN_CONSTANT_CONVERSION = YES;
				CLANG_WARN_DEPRECATED_OBJC_IMPLEMENTATIONS = YES;
				CLANG_WARN_DIRECT_OBJC_ISA_USAGE = YES_ERROR;
				CLANG_WARN_DOCUMENTATION_COMMENTS = YES;
				CLANG_WARN_EMPTY_BODY = YES;
				CLANG_WARN_ENUM_CONVERSION = YES;
				CLANG_WARN_INFINITE_RECURSION = YES;
				CLANG_WARN_INT_CONVERSION = YES;
				CLANG_WARN_NON_LITERAL_NULL_CONVERSION = YES;
				CLANG_WARN_OBJC_IMPLICIT_RETAIN_SELF = YES;
				CLANG_WARN_OBJC_LITERAL_CONVERSION = YES;
				CLANG_WARN_OBJC_ROOT_CLASS = YES_ERROR;
				CLANG_WARN_QUOTED_INCLUDE_IN_FRAMEWORK_HEADER = YES;
				CLANG_WARN_RANGE_LOOP_ANALYSIS = YES;
				CLANG_WARN_STRICT_PROTOTYPES = YES;
				CLANG_WARN_SUSPICIOUS_MOVE = YES;
				CLANG_WARN_UNGUARDED_AVAILABILITY = YES_AGGRESSIVE;
				CLANG_WARN_UNREACHABLE_CODE = YES;
				CLANG_WARN__DUPLICATE_METHOD_MATCH = YES;
				COPY_PHASE_STRIP = NO;
				DEBUG_INFORMATION_FORMAT = "dwarf-with-dsym";
				ENABLE_NS_ASSERTIONS = NO;
				ENABLE_STRICT_OBJC_MSGSEND = YES;
				ENABLE_USER_SCRIPT_SANDBOXING = YES;
				GCC_C_LANGUAGE_STANDARD = gnu17;
				GCC_NO_COMMON_BLOCKS = YES;
				GCC_WARN_64_TO_32_BIT_CONVERSION = YES;
				GCC_WARN_ABOUT_RETURN_TYPE = YES_ERROR;
				GCC_WARN_UNDECLARED_SELECTOR = YES;
				GCC_WARN_UNINITIALIZED_AUTOS = YES_AGGRESSIVE;
				GCC_WARN_UNUSED_FUNCTION = YES;
				GCC_WARN_UNUSED_VARIABLE = YES;
				IPHONEOS_DEPLOYMENT_TARGET = 17.5;
				LOCALIZATION_PREFERS_STRING_CATALOGS = YES;
				MTL_ENABLE_DEBUG_INFO = NO;
				MTL_FAST_MATH = YES;
				SDKROOT = iphoneos;
				SWIFT_COMPILATION_MODE = wholemodule;
				VALIDATE_PRODUCT = YES;
			};
			name = Release;
		};
		C06DF3BC2C623C8B00379C1E /* Debug */ = {
			isa = XCBuildConfiguration;
			buildSettings = {
				ASSETCATALOG_COMPILER_APPICON_NAME = AppIcon;
				ASSETCATALOG_COMPILER_GLOBAL_ACCENT_COLOR_NAME = AccentColor;
				CODE_SIGN_STYLE = Automatic;
				CURRENT_PROJECT_VERSION = 1;
				DEVELOPMENT_TEAM = PQ82KF7KP4;
				GENERATE_INFOPLIST_FILE = YES;
				INFOPLIST_FILE = "ToDo Test/Info.plist";
				INFOPLIST_KEY_UIApplicationSupportsIndirectInputEvents = YES;
				INFOPLIST_KEY_UILaunchStoryboardName = LaunchScreen;
				INFOPLIST_KEY_UIMainStoryboardFile = Main;
				INFOPLIST_KEY_UISupportedInterfaceOrientations_iPad = "UIInterfaceOrientationPortrait UIInterfaceOrientationPortraitUpsideDown UIInterfaceOrientationLandscapeLeft UIInterfaceOrientationLandscapeRight";
				INFOPLIST_KEY_UISupportedInterfaceOrientations_iPhone = "UIInterfaceOrientationPortrait UIInterfaceOrientationLandscapeLeft UIInterfaceOrientationLandscapeRight";
				LD_RUNPATH_SEARCH_PATHS = (
					"$(inherited)",
					"@executable_path/Frameworks",
				);
				MARKETING_VERSION = 1.0;
				PRODUCT_BUNDLE_IDENTIFIER = "com.batuhanberkertekin.ToDo-Test";
				PRODUCT_NAME = "$(TARGET_NAME)";
				SWIFT_EMIT_LOC_STRINGS = YES;
				SWIFT_VERSION = 5.0;
				TARGETED_DEVICE_FAMILY = "1,2";
			};
			name = Debug;
		};
		C06DF3BD2C623C8B00379C1E /* Release */ = {
			isa = XCBuildConfiguration;
			buildSettings = {
				ASSETCATALOG_COMPILER_APPICON_NAME = AppIcon;
				ASSETCATALOG_COMPILER_GLOBAL_ACCENT_COLOR_NAME = AccentColor;
				CODE_SIGN_STYLE = Automatic;
				CURRENT_PROJECT_VERSION = 1;
				DEVELOPMENT_TEAM = PQ82KF7KP4;
				GENERATE_INFOPLIST_FILE = YES;
				INFOPLIST_FILE = "ToDo Test/Info.plist";
				INFOPLIST_KEY_UIApplicationSupportsIndirectInputEvents = YES;
				INFOPLIST_KEY_UILaunchStoryboardName = LaunchScreen;
				INFOPLIST_KEY_UIMainStoryboardFile = Main;
				INFOPLIST_KEY_UISupportedInterfaceOrientations_iPad = "UIInterfaceOrientationPortrait UIInterfaceOrientationPortraitUpsideDown UIInterfaceOrientationLandscapeLeft UIInterfaceOrientationLandscapeRight";
				INFOPLIST_KEY_UISupportedInterfaceOrientations_iPhone = "UIInterfaceOrientationPortrait UIInterfaceOrientationLandscapeLeft UIInterfaceOrientationLandscapeRight";
				LD_RUNPATH_SEARCH_PATHS = (
					"$(inherited)",
					"@executable_path/Frameworks",
				);
				MARKETING_VERSION = 1.0;
				PRODUCT_BUNDLE_IDENTIFIER = "com.batuhanberkertekin.ToDo-Test";
				PRODUCT_NAME = "$(TARGET_NAME)";
				SWIFT_EMIT_LOC_STRINGS = YES;
				SWIFT_VERSION = 5.0;
				TARGETED_DEVICE_FAMILY = "1,2";
			};
			name = Release;
		};
		C06DF3BF2C623C8B00379C1E /* Debug */ = {
			isa = XCBuildConfiguration;
			buildSettings = {
				ALWAYS_EMBED_SWIFT_STANDARD_LIBRARIES = YES;
				BUNDLE_LOADER = "$(TEST_HOST)";
				CODE_SIGN_STYLE = Automatic;
				CURRENT_PROJECT_VERSION = 1;
				DEVELOPMENT_TEAM = PQ82KF7KP4;
				GENERATE_INFOPLIST_FILE = YES;
				IPHONEOS_DEPLOYMENT_TARGET = 17.5;
				MARKETING_VERSION = 1.0;
				PRODUCT_BUNDLE_IDENTIFIER = "com.batuhanberkertekin.ToDo-TestTests";
				PRODUCT_NAME = "$(TARGET_NAME)";
				SWIFT_EMIT_LOC_STRINGS = NO;
				SWIFT_VERSION = 5.0;
				TARGETED_DEVICE_FAMILY = "1,2";
				TEST_HOST = "$(BUILT_PRODUCTS_DIR)/ToDo Test.app/$(BUNDLE_EXECUTABLE_FOLDER_PATH)/ToDo Test";
			};
			name = Debug;
		};
		C06DF3C02C623C8B00379C1E /* Release */ = {
			isa = XCBuildConfiguration;
			buildSettings = {
				ALWAYS_EMBED_SWIFT_STANDARD_LIBRARIES = YES;
				BUNDLE_LOADER = "$(TEST_HOST)";
				CODE_SIGN_STYLE = Automatic;
				CURRENT_PROJECT_VERSION = 1;
				DEVELOPMENT_TEAM = PQ82KF7KP4;
				GENERATE_INFOPLIST_FILE = YES;
				IPHONEOS_DEPLOYMENT_TARGET = 17.5;
				MARKETING_VERSION = 1.0;
				PRODUCT_BUNDLE_IDENTIFIER = "com.batuhanberkertekin.ToDo-TestTests";
				PRODUCT_NAME = "$(TARGET_NAME)";
				SWIFT_EMIT_LOC_STRINGS = NO;
				SWIFT_VERSION = 5.0;
				TARGETED_DEVICE_FAMILY = "1,2";
				TEST_HOST = "$(BUILT_PRODUCTS_DIR)/ToDo Test.app/$(BUNDLE_EXECUTABLE_FOLDER_PATH)/ToDo Test";
			};
			name = Release;
		};
		C06DF3C22C623C8B00379C1E /* Debug */ = {
			isa = XCBuildConfiguration;
			buildSettings = {
				ALWAYS_EMBED_SWIFT_STANDARD_LIBRARIES = YES;
				CODE_SIGN_STYLE = Automatic;
				CURRENT_PROJECT_VERSION = 1;
				DEVELOPMENT_TEAM = PQ82KF7KP4;
				GENERATE_INFOPLIST_FILE = YES;
				MARKETING_VERSION = 1.0;
				PRODUCT_BUNDLE_IDENTIFIER = "com.batuhanberkertekin.ToDo-TestUITests";
				PRODUCT_NAME = "$(TARGET_NAME)";
				SWIFT_EMIT_LOC_STRINGS = NO;
				SWIFT_VERSION = 5.0;
				TARGETED_DEVICE_FAMILY = "1,2";
				TEST_TARGET_NAME = "ToDo Test";
			};
			name = Debug;
		};
		C06DF3C32C623C8B00379C1E /* Release */ = {
			isa = XCBuildConfiguration;
			buildSettings = {
				ALWAYS_EMBED_SWIFT_STANDARD_LIBRARIES = YES;
				CODE_SIGN_STYLE = Automatic;
				CURRENT_PROJECT_VERSION = 1;
				DEVELOPMENT_TEAM = PQ82KF7KP4;
				GENERATE_INFOPLIST_FILE = YES;
				MARKETING_VERSION = 1.0;
				PRODUCT_BUNDLE_IDENTIFIER = "com.batuhanberkertekin.ToDo-TestUITests";
				PRODUCT_NAME = "$(TARGET_NAME)";
				SWIFT_EMIT_LOC_STRINGS = NO;
				SWIFT_VERSION = 5.0;
				TARGETED_DEVICE_FAMILY = "1,2";
				TEST_TARGET_NAME = "ToDo Test";
			};
			name = Release;
		};
/* End XCBuildConfiguration section */

/* Begin XCConfigurationList section */
		C06DF38C2C623C8A00379C1E /* Build configuration list for PBXProject "ToDo Test" */ = {
			isa = XCConfigurationList;
			buildConfigurations = (
				C06DF3B92C623C8B00379C1E /* Debug */,
				C06DF3BA2C623C8B00379C1E /* Release */,
			);
			defaultConfigurationIsVisible = 0;
			defaultConfigurationName = Release;
		};
		C06DF3BB2C623C8B00379C1E /* Build configuration list for PBXNativeTarget "ToDo Test" */ = {
			isa = XCConfigurationList;
			buildConfigurations = (
				C06DF3BC2C623C8B00379C1E /* Debug */,
				C06DF3BD2C623C8B00379C1E /* Release */,
			);
			defaultConfigurationIsVisible = 0;
			defaultConfigurationName = Release;
		};
		C06DF3BE2C623C8B00379C1E /* Build configuration list for PBXNativeTarget "ToDo TestTests" */ = {
			isa = XCConfigurationList;
			buildConfigurations = (
				C06DF3BF2C623C8B00379C1E /* Debug */,
				C06DF3C02C623C8B00379C1E /* Release */,
			);
			defaultConfigurationIsVisible = 0;
			defaultConfigurationName = Release;
		};
		C06DF3C12C623C8B00379C1E /* Build configuration list for PBXNativeTarget "ToDo TestUITests" */ = {
			isa = XCConfigurationList;
			buildConfigurations = (
				C06DF3C22C623C8B00379C1E /* Debug */,
				C06DF3C32C623C8B00379C1E /* Release */,
			);
			defaultConfigurationIsVisible = 0;
			defaultConfigurationName = Release;
		};
/* End XCConfigurationList section */
	};
	rootObject = C06DF3892C623C8A00379C1E /* Project object */;
}
