// !$*UTF8*$!
{
	archiveVersion = 1;
	classes = {
	};
	objectVersion = 56;
	objects = {

/* Begin PBXBuildFile section */
		C022D3682C67BA2F004E33C8 /* UIView+Ext.swift in Sources */ = {isa = PBXBuildFile; fileRef = C022D3672C67BA2F004E33C8 /* UIView+Ext.swift */; };
		C022D36A2C67BA92004E33C8 /* Item.swift in Sources */ = {isa = PBXBuildFile; fileRef = C022D3692C67BA92004E33C8 /* Item.swift */; };
		C022D36C2C67BB34004E33C8 /* ItemListVC.swift in Sources */ = {isa = PBXBuildFile; fileRef = C022D36B2C67BB34004E33C8 /* ItemListVC.swift */; };
		C022D36E2C67C1F9004E33C8 /* ItemCell.swift in Sources */ = {isa = PBXBuildFile; fileRef = C022D36D2C67C1F9004E33C8 /* ItemCell.swift */; };
		C05D36102C67550A003C3755 /* AppDelegate.swift in Sources */ = {isa = PBXBuildFile; fileRef = C05D360F2C67550A003C3755 /* AppDelegate.swift */; };
		C05D36122C67550A003C3755 /* SceneDelegate.swift in Sources */ = {isa = PBXBuildFile; fileRef = C05D36112C67550A003C3755 /* SceneDelegate.swift */; };
		C05D36142C67550A003C3755 /* HomeVC.swift in Sources */ = {isa = PBXBuildFile; fileRef = C05D36132C67550A003C3755 /* HomeVC.swift */; };
		C05D36192C67550B003C3755 /* Assets.xcassets in Resources */ = {isa = PBXBuildFile; fileRef = C05D36182C67550B003C3755 /* Assets.xcassets */; };
		C05D361C2C67550B003C3755 /* Base in Resources */ = {isa = PBXBuildFile; fileRef = C05D361B2C67550B003C3755 /* Base */; };
		C05D36242C675FB3003C3755 /* SecondVC.swift in Sources */ = {isa = PBXBuildFile; fileRef = C05D36232C675FB3003C3755 /* SecondVC.swift */; };
		C0B668D02C6890A30094CA08 /* ProgrammaticTestUITests.swift in Sources */ = {isa = PBXBuildFile; fileRef = C0B668CF2C6890A30094CA08 /* ProgrammaticTestUITests.swift */; };
		C0B668D22C6890A30094CA08 /* ProgrammaticTestUITestsLaunchTests.swift in Sources */ = {isa = PBXBuildFile; fileRef = C0B668D12C6890A30094CA08 /* ProgrammaticTestUITestsLaunchTests.swift */; };
		C0B668D92C6892600094CA08 /* ItemList.swift in Sources */ = {isa = PBXBuildFile; fileRef = C0B668D82C6892600094CA08 /* ItemList.swift */; };
/* End PBXBuildFile section */

/* Begin PBXContainerItemProxy section */
		C0B668D32C6890A30094CA08 /* PBXContainerItemProxy */ = {
			isa = PBXContainerItemProxy;
			containerPortal = C05D36042C67550A003C3755 /* Project object */;
			proxyType = 1;
			remoteGlobalIDString = C05D360B2C67550A003C3755;
			remoteInfo = "Programmatic UI Test";
		};
/* End PBXContainerItemProxy section */

/* Begin PBXFileReference section */
		C022D3672C67BA2F004E33C8 /* UIView+Ext.swift */ = {isa = PBXFileReference; lastKnownFileType = sourcecode.swift; path = "UIView+Ext.swift"; sourceTree = "<group>"; };
		C022D3692C67BA92004E33C8 /* Item.swift */ = {isa = PBXFileReference; lastKnownFileType = sourcecode.swift; path = Item.swift; sourceTree = "<group>"; };
		C022D36B2C67BB34004E33C8 /* ItemListVC.swift */ = {isa = PBXFileReference; lastKnownFileType = sourcecode.swift; path = ItemListVC.swift; sourceTree = "<group>"; };
		C022D36D2C67C1F9004E33C8 /* ItemCell.swift */ = {isa = PBXFileReference; lastKnownFileType = sourcecode.swift; path = ItemCell.swift; sourceTree = "<group>"; };
		C05D360C2C67550A003C3755 /* Programmatic UI Test.app */ = {isa = PBXFileReference; explicitFileType = wrapper.application; includeInIndex = 0; path = "Programmatic UI Test.app"; sourceTree = BUILT_PRODUCTS_DIR; };
		C05D360F2C67550A003C3755 /* AppDelegate.swift */ = {isa = PBXFileReference; lastKnownFileType = sourcecode.swift; path = AppDelegate.swift; sourceTree = "<group>"; };
		C05D36112C67550A003C3755 /* SceneDelegate.swift */ = {isa = PBXFileReference; lastKnownFileType = sourcecode.swift; path = SceneDelegate.swift; sourceTree = "<group>"; };
		C05D36132C67550A003C3755 /* HomeVC.swift */ = {isa = PBXFileReference; lastKnownFileType = sourcecode.swift; path = HomeVC.swift; sourceTree = "<group>"; };
		C05D36182C67550B003C3755 /* Assets.xcassets */ = {isa = PBXFileReference; lastKnownFileType = folder.assetcatalog; path = Assets.xcassets; sourceTree = "<group>"; };
		C05D361B2C67550B003C3755 /* Base */ = {isa = PBXFileReference; lastKnownFileType = file.storyboard; name = Base; path = Base.lproj/LaunchScreen.storyboard; sourceTree = "<group>"; };
		C05D361D2C67550B003C3755 /* Info.plist */ = {isa = PBXFileReference; lastKnownFileType = text.plist.xml; path = Info.plist; sourceTree = "<group>"; };
		C05D36232C675FB3003C3755 /* SecondVC.swift */ = {isa = PBXFileReference; lastKnownFileType = sourcecode.swift; path = SecondVC.swift; sourceTree = "<group>"; };
		C0B668CD2C6890A30094CA08 /* ProgrammaticTestUITests.xctest */ = {isa = PBXFileReference; explicitFileType = wrapper.cfbundle; includeInIndex = 0; path = ProgrammaticTestUITests.xctest; sourceTree = BUILT_PRODUCTS_DIR; };
		C0B668CF2C6890A30094CA08 /* ProgrammaticTestUITests.swift */ = {isa = PBXFileReference; lastKnownFileType = sourcecode.swift; path = ProgrammaticTestUITests.swift; sourceTree = "<group>"; };
		C0B668D12C6890A30094CA08 /* ProgrammaticTestUITestsLaunchTests.swift */ = {isa = PBXFileReference; lastKnownFileType = sourcecode.swift; path = ProgrammaticTestUITestsLaunchTests.swift; sourceTree = "<group>"; };
		C0B668D82C6892600094CA08 /* ItemList.swift */ = {isa = PBXFileReference; lastKnownFileType = sourcecode.swift; path = ItemList.swift; sourceTree = "<group>"; };
/* End PBXFileReference section */

/* Begin PBXFrameworksBuildPhase section */
		C05D36092C67550A003C3755 /* Frameworks */ = {
			isa = PBXFrameworksBuildPhase;
			buildActionMask = 2147483647;
			files = (
			);
			runOnlyForDeploymentPostprocessing = 0;
		};
		C0B668CA2C6890A30094CA08 /* Frameworks */ = {
			isa = PBXFrameworksBuildPhase;
			buildActionMask = 2147483647;
			files = (
			);
			runOnlyForDeploymentPostprocessing = 0;
		};
/* End PBXFrameworksBuildPhase section */

/* Begin PBXGroup section */
		C05D36032C67550A003C3755 = {
			isa = PBXGroup;
			children = (
				C05D360E2C67550A003C3755 /* Programmatic UI Test */,
				C0B668CE2C6890A30094CA08 /* ProgrammaticTestUITests */,
				C05D360D2C67550A003C3755 /* Products */,
			);
			sourceTree = "<group>";
		};
		C05D360D2C67550A003C3755 /* Products */ = {
			isa = PBXGroup;
			children = (
				C05D360C2C67550A003C3755 /* Programmatic UI Test.app */,
				C0B668CD2C6890A30094CA08 /* ProgrammaticTestUITests.xctest */,
			);
			name = Products;
			sourceTree = "<group>";
		};
		C05D360E2C67550A003C3755 /* Programmatic UI Test */ = {
			isa = PBXGroup;
			children = (
				C0B668C62C688EFB0094CA08 /* Model */,
				C0B668C52C688EF00094CA08 /* Cell */,
				C0B668C42C688EE60094CA08 /* ViewController */,
				C0B668C32C688EDB0094CA08 /* Extensions */,
				C05D360F2C67550A003C3755 /* AppDelegate.swift */,
				C05D36112C67550A003C3755 /* SceneDelegate.swift */,
				C05D36182C67550B003C3755 /* Assets.xcassets */,
				C05D361A2C67550B003C3755 /* LaunchScreen.storyboard */,
				C05D361D2C67550B003C3755 /* Info.plist */,
			);
			path = "Programmatic UI Test";
			sourceTree = "<group>";
		};
		C0B668C32C688EDB0094CA08 /* Extensions */ = {
			isa = PBXGroup;
			children = (
				C022D3672C67BA2F004E33C8 /* UIView+Ext.swift */,
				C0B668D82C6892600094CA08 /* ItemList.swift */,
			);
			path = Extensions;
			sourceTree = "<group>";
		};
		C0B668C42C688EE60094CA08 /* ViewController */ = {
			isa = PBXGroup;
			children = (
				C05D36132C67550A003C3755 /* HomeVC.swift */,
				C05D36232C675FB3003C3755 /* SecondVC.swift */,
				C022D36B2C67BB34004E33C8 /* ItemListVC.swift */,
			);
			path = ViewController;
			sourceTree = "<group>";
		};
		C0B668C52C688EF00094CA08 /* Cell */ = {
			isa = PBXGroup;
			children = (
				C022D36D2C67C1F9004E33C8 /* ItemCell.swift */,
			);
			path = Cell;
			sourceTree = "<group>";
		};
		C0B668C62C688EFB0094CA08 /* Model */ = {
			isa = PBXGroup;
			children = (
				C022D3692C67BA92004E33C8 /* Item.swift */,
			);
			path = Model;
			sourceTree = "<group>";
		};
		C0B668CE2C6890A30094CA08 /* ProgrammaticTestUITests */ = {
			isa = PBXGroup;
			children = (
				C0B668CF2C6890A30094CA08 /* ProgrammaticTestUITests.swift */,
				C0B668D12C6890A30094CA08 /* ProgrammaticTestUITestsLaunchTests.swift */,
			);
			path = ProgrammaticTestUITests;
			sourceTree = "<group>";
		};
/* End PBXGroup section */

/* Begin PBXNativeTarget section */
		C05D360B2C67550A003C3755 /* Programmatic UI Test */ = {
			isa = PBXNativeTarget;
			buildConfigurationList = C05D36202C67550B003C3755 /* Build configuration list for PBXNativeTarget "Programmatic UI Test" */;
			buildPhases = (
				C05D36082C67550A003C3755 /* Sources */,
				C05D36092C67550A003C3755 /* Frameworks */,
				C05D360A2C67550A003C3755 /* Resources */,
			);
			buildRules = (
			);
			dependencies = (
			);
			name = "Programmatic UI Test";
			productName = "Programmatic UI Test";
			productReference = C05D360C2C67550A003C3755 /* Programmatic UI Test.app */;
			productType = "com.apple.product-type.application";
		};
		C0B668CC2C6890A30094CA08 /* ProgrammaticTestUITests */ = {
			isa = PBXNativeTarget;
			buildConfigurationList = C0B668D52C6890A30094CA08 /* Build configuration list for PBXNativeTarget "ProgrammaticTestUITests" */;
			buildPhases = (
				C0B668C92C6890A30094CA08 /* Sources */,
				C0B668CA2C6890A30094CA08 /* Frameworks */,
				C0B668CB2C6890A30094CA08 /* Resources */,
			);
			buildRules = (
			);
			dependencies = (
				C0B668D42C6890A30094CA08 /* PBXTargetDependency */,
			);
			name = ProgrammaticTestUITests;
			productName = ProgrammaticTestUITests;
			productReference = C0B668CD2C6890A30094CA08 /* ProgrammaticTestUITests.xctest */;
			productType = "com.apple.product-type.bundle.ui-testing";
		};
/* End PBXNativeTarget section */

/* Begin PBXProject section */
		C05D36042C67550A003C3755 /* Project object */ = {
			isa = PBXProject;
			attributes = {
				BuildIndependentTargetsInParallel = 1;
				LastSwiftUpdateCheck = 1540;
				LastUpgradeCheck = 1540;
				TargetAttributes = {
					C05D360B2C67550A003C3755 = {
						CreatedOnToolsVersion = 15.4;
					};
					C0B668CC2C6890A30094CA08 = {
						CreatedOnToolsVersion = 15.4;
						TestTargetID = C05D360B2C67550A003C3755;
					};
				};
			};
			buildConfigurationList = C05D36072C67550A003C3755 /* Build configuration list for PBXProject "Programmatic UI Test" */;
			compatibilityVersion = "Xcode 14.0";
			developmentRegion = en;
			hasScannedForEncodings = 0;
			knownRegions = (
				en,
				Base,
			);
			mainGroup = C05D36032C67550A003C3755;
			productRefGroup = C05D360D2C67550A003C3755 /* Products */;
			projectDirPath = "";
			projectRoot = "";
			targets = (
				C05D360B2C67550A003C3755 /* Programmatic UI Test */,
				C0B668CC2C6890A30094CA08 /* ProgrammaticTestUITests */,
			);
		};
/* End PBXProject section */

/* Begin PBXResourcesBuildPhase section */
		C05D360A2C67550A003C3755 /* Resources */ = {
			isa = PBXResourcesBuildPhase;
			buildActionMask = 2147483647;
			files = (
				C05D36192C67550B003C3755 /* Assets.xcassets in Resources */,
				C05D361C2C67550B003C3755 /* Base in Resources */,
			);
			runOnlyForDeploymentPostprocessing = 0;
		};
		C0B668CB2C6890A30094CA08 /* Resources */ = {
			isa = PBXResourcesBuildPhase;
			buildActionMask = 2147483647;
			files = (
			);
			runOnlyForDeploymentPostprocessing = 0;
		};
/* End PBXResourcesBuildPhase section */

/* Begin PBXSourcesBuildPhase section */
		C05D36082C67550A003C3755 /* Sources */ = {
			isa = PBXSourcesBuildPhase;
			buildActionMask = 2147483647;
			files = (
				C0B668D92C6892600094CA08 /* ItemList.swift in Sources */,
				C05D36242C675FB3003C3755 /* SecondVC.swift in Sources */,
				C022D36E2C67C1F9004E33C8 /* ItemCell.swift in Sources */,
				C022D36A2C67BA92004E33C8 /* Item.swift in Sources */,
				C05D36142C67550A003C3755 /* HomeVC.swift in Sources */,
				C022D3682C67BA2F004E33C8 /* UIView+Ext.swift in Sources */,
				C05D36102C67550A003C3755 /* AppDelegate.swift in Sources */,
				C05D36122C67550A003C3755 /* SceneDelegate.swift in Sources */,
				C022D36C2C67BB34004E33C8 /* ItemListVC.swift in Sources */,
			);
			runOnlyForDeploymentPostprocessing = 0;
		};
		C0B668C92C6890A30094CA08 /* Sources */ = {
			isa = PBXSourcesBuildPhase;
			buildActionMask = 2147483647;
			files = (
				C0B668D22C6890A30094CA08 /* ProgrammaticTestUITestsLaunchTests.swift in Sources */,
				C0B668D02C6890A30094CA08 /* ProgrammaticTestUITests.swift in Sources */,
			);
			runOnlyForDeploymentPostprocessing = 0;
		};
/* End PBXSourcesBuildPhase section */

/* Begin PBXTargetDependency section */
		C0B668D42C6890A30094CA08 /* PBXTargetDependency */ = {
			isa = PBXTargetDependency;
			target = C05D360B2C67550A003C3755 /* Programmatic UI Test */;
			targetProxy = C0B668D32C6890A30094CA08 /* PBXContainerItemProxy */;
		};
/* End PBXTargetDependency section */

/* Begin PBXVariantGroup section */
		C05D361A2C67550B003C3755 /* LaunchScreen.storyboard */ = {
			isa = PBXVariantGroup;
			children = (
				C05D361B2C67550B003C3755 /* Base */,
			);
			name = LaunchScreen.storyboard;
			sourceTree = "<group>";
		};
/* End PBXVariantGroup section */

/* Begin XCBuildConfiguration section */
		C05D361E2C67550B003C3755 /* Debug */ = {
			isa = XCBuildConfiguration;
			buildSettings = {
				ALWAYS_SEARCH_USER_PATHS = NO;
				ASSETCATALOG_COMPILER_GENERATE_SWIFT_ASSET_SYMBOL_EXTENSIONS = YES;
				CLANG_ANALYZER_NONNULL = YES;
				CLANG_ANALYZER_NUMBER_OBJECT_CONVERSION = YES_AGGRESSIVE;
				CLANG_CXX_LANGUAGE_STANDARD = "gnu++20";
				CLANG_ENABLE_MODULES = YES;
				CLANG_ENABLE_OBJC_ARC = YES;
				CLANG_ENABLE_OBJC_WEAK = YES;
				CLANG_WARN_BLOCK_CAPTURE_AUTORELEASING = YES;
				CLANG_WARN_BOOL_CONVERSION = YES;
				CLANG_WARN_COMMA = YES;
				CLANG_WARN_CONSTANT_CONVERSION = YES;
				CLANG_WARN_DEPRECATED_OBJC_IMPLEMENTATIONS = YES;
				CLANG_WARN_DIRECT_OBJC_ISA_USAGE = YES_ERROR;
				CLANG_WARN_DOCUMENTATION_COMMENTS = YES;
				CLANG_WARN_EMPTY_BODY = YES;
				CLANG_WARN_ENUM_CONVERSION = YES;
				CLANG_WARN_INFINITE_RECURSION = YES;
				CLANG_WARN_INT_CONVERSION = YES;
				CLANG_WARN_NON_LITERAL_NULL_CONVERSION = YES;
				CLANG_WARN_OBJC_IMPLICIT_RETAIN_SELF = YES;
				CLANG_WARN_OBJC_LITERAL_CONVERSION = YES;
				CLANG_WARN_OBJC_ROOT_CLASS = YES_ERROR;
				CLANG_WARN_QUOTED_INCLUDE_IN_FRAMEWORK_HEADER = YES;
				CLANG_WARN_RANGE_LOOP_ANALYSIS = YES;
				CLANG_WARN_STRICT_PROTOTYPES = YES;
				CLANG_WARN_SUSPICIOUS_MOVE = YES;
				CLANG_WARN_UNGUARDED_AVAILABILITY = YES_AGGRESSIVE;
				CLANG_WARN_UNREACHABLE_CODE = YES;
				CLANG_WARN__DUPLICATE_METHOD_MATCH = YES;
				COPY_PHASE_STRIP = NO;
				DEBUG_INFORMATION_FORMAT = dwarf;
				ENABLE_STRICT_OBJC_MSGSEND = YES;
				ENABLE_TESTABILITY = YES;
				ENABLE_USER_SCRIPT_SANDBOXING = YES;
				GCC_C_LANGUAGE_STANDARD = gnu17;
				GCC_DYNAMIC_NO_PIC = NO;
				GCC_NO_COMMON_BLOCKS = YES;
				GCC_OPTIMIZATION_LEVEL = 0;
				GCC_PREPROCESSOR_DEFINITIONS = (
					"DEBUG=1",
					"$(inherited)",
				);
				GCC_WARN_64_TO_32_BIT_CONVERSION = YES;
				GCC_WARN_ABOUT_RETURN_TYPE = YES_ERROR;
				GCC_WARN_UNDECLARED_SELECTOR = YES;
				GCC_WARN_UNINITIALIZED_AUTOS = YES_AGGRESSIVE;
				GCC_WARN_UNUSED_FUNCTION = YES;
				GCC_WARN_UNUSED_VARIABLE = YES;
				IPHONEOS_DEPLOYMENT_TARGET = 17.5;
				LOCALIZATION_PREFERS_STRING_CATALOGS = YES;
				MTL_ENABLE_DEBUG_INFO = INCLUDE_SOURCE;
				MTL_FAST_MATH = YES;
				ONLY_ACTIVE_ARCH = YES;
				SDKROOT = iphoneos;
				SWIFT_ACTIVE_COMPILATION_CONDITIONS = "DEBUG $(inherited)";
				SWIFT_OPTIMIZATION_LEVEL = "-Onone";
			};
			name = Debug;
		};
		C05D361F2C67550B003C3755 /* Release */ = {
			isa = XCBuildConfiguration;
			buildSettings = {
				ALWAYS_SEARCH_USER_PATHS = NO;
				ASSETCATALOG_COMPILER_GENERATE_SWIFT_ASSET_SYMBOL_EXTENSIONS = YES;
				CLANG_ANALYZER_NONNULL = YES;
				CLANG_ANALYZER_NUMBER_OBJECT_CONVERSION = YES_AGGRESSIVE;
				CLANG_CXX_LANGUAGE_STANDARD = "gnu++20";
				CLANG_ENABLE_MODULES = YES;
				CLANG_ENABLE_OBJC_ARC = YES;
				CLANG_ENABLE_OBJC_WEAK = YES;
				CLANG_WARN_BLOCK_CAPTURE_AUTORELEASING = YES;
				CLANG_WARN_BOOL_CONVERSION = YES;
				CLANG_WARN_COMMA = YES;
				CLANG_WARN_CONSTANT_CONVERSION = YES;
				CLANG_WARN_DEPRECATED_OBJC_IMPLEMENTATIONS = YES;
				CLANG_WARN_DIRECT_OBJC_ISA_USAGE = YES_ERROR;
				CLANG_WARN_DOCUMENTATION_COMMENTS = YES;
				CLANG_WARN_EMPTY_BODY = YES;
				CLANG_WARN_ENUM_CONVERSION = YES;
				CLANG_WARN_INFINITE_RECURSION = YES;
				CLANG_WARN_INT_CONVERSION = YES;
				CLANG_WARN_NON_LITERAL_NULL_CONVERSION = YES;
				CLANG_WARN_OBJC_IMPLICIT_RETAIN_SELF = YES;
				CLANG_WARN_OBJC_LITERAL_CONVERSION = YES;
				CLANG_WARN_OBJC_ROOT_CLASS = YES_ERROR;
				CLANG_WARN_QUOTED_INCLUDE_IN_FRAMEWORK_HEADER = YES;
				CLANG_WARN_RANGE_LOOP_ANALYSIS = YES;
				CLANG_WARN_STRICT_PROTOTYPES = YES;
				CLANG_WARN_SUSPICIOUS_MOVE = YES;
				CLANG_WARN_UNGUARDED_AVAILABILITY = YES_AGGRESSIVE;
				CLANG_WARN_UNREACHABLE_CODE = YES;
				CLANG_WARN__DUPLICATE_METHOD_MATCH = YES;
				COPY_PHASE_STRIP = NO;
				DEBUG_INFORMATION_FORMAT = "dwarf-with-dsym";
				ENABLE_NS_ASSERTIONS = NO;
				ENABLE_STRICT_OBJC_MSGSEND = YES;
				ENABLE_USER_SCRIPT_SANDBOXING = YES;
				GCC_C_LANGUAGE_STANDARD = gnu17;
				GCC_NO_COMMON_BLOCKS = YES;
				GCC_WARN_64_TO_32_BIT_CONVERSION = YES;
				GCC_WARN_ABOUT_RETURN_TYPE = YES_ERROR;
				GCC_WARN_UNDECLARED_SELECTOR = YES;
				GCC_WARN_UNINITIALIZED_AUTOS = YES_AGGRESSIVE;
				GCC_WARN_UNUSED_FUNCTION = YES;
				GCC_WARN_UNUSED_VARIABLE = YES;
				IPHONEOS_DEPLOYMENT_TARGET = 17.5;
				LOCALIZATION_PREFERS_STRING_CATALOGS = YES;
				MTL_ENABLE_DEBUG_INFO = NO;
				MTL_FAST_MATH = YES;
				SDKROOT = iphoneos;
				SWIFT_COMPILATION_MODE = wholemodule;
				VALIDATE_PRODUCT = YES;
			};
			name = Release;
		};
		C05D36212C67550B003C3755 /* Debug */ = {
			isa = XCBuildConfiguration;
			buildSettings = {
				ASSETCATALOG_COMPILER_APPICON_NAME = AppIcon;
				ASSETCATALOG_COMPILER_GLOBAL_ACCENT_COLOR_NAME = AccentColor;
				CODE_SIGN_STYLE = Automatic;
				CURRENT_PROJECT_VERSION = 1;
				DEVELOPMENT_TEAM = P74573WV6R;
				GENERATE_INFOPLIST_FILE = YES;
				INFOPLIST_FILE = "Programmatic UI Test/Info.plist";
				INFOPLIST_KEY_UIApplicationSupportsIndirectInputEvents = YES;
				INFOPLIST_KEY_UILaunchStoryboardName = LaunchScreen;
				INFOPLIST_KEY_UISupportedInterfaceOrientations_iPad = "UIInterfaceOrientationPortrait UIInterfaceOrientationPortraitUpsideDown UIInterfaceOrientationLandscapeLeft UIInterfaceOrientationLandscapeRight";
				INFOPLIST_KEY_UISupportedInterfaceOrientations_iPhone = "UIInterfaceOrientationPortrait UIInterfaceOrientationLandscapeLeft UIInterfaceOrientationLandscapeRight";
				LD_RUNPATH_SEARCH_PATHS = (
					"$(inherited)",
					"@executable_path/Frameworks",
				);
				MARKETING_VERSION = 1.0;
				PRODUCT_BUNDLE_IDENTIFIER = "com.batuhanberkertekin.Programmatic-UI-Test";
				PRODUCT_NAME = "$(TARGET_NAME)";
				SWIFT_EMIT_LOC_STRINGS = YES;
				SWIFT_VERSION = 5.0;
				TARGETED_DEVICE_FAMILY = "1,2";
			};
			name = Debug;
		};
		C05D36222C67550B003C3755 /* Release */ = {
			isa = XCBuildConfiguration;
			buildSettings = {
				ASSETCATALOG_COMPILER_APPICON_NAME = AppIcon;
				ASSETCATALOG_COMPILER_GLOBAL_ACCENT_COLOR_NAME = AccentColor;
				CODE_SIGN_STYLE = Automatic;
				CURRENT_PROJECT_VERSION = 1;
				DEVELOPMENT_TEAM = P74573WV6R;
				GENERATE_INFOPLIST_FILE = YES;
				INFOPLIST_FILE = "Programmatic UI Test/Info.plist";
				INFOPLIST_KEY_UIApplicationSupportsIndirectInputEvents = YES;
				INFOPLIST_KEY_UILaunchStoryboardName = LaunchScreen;
				INFOPLIST_KEY_UISupportedInterfaceOrientations_iPad = "UIInterfaceOrientationPortrait UIInterfaceOrientationPortraitUpsideDown UIInterfaceOrientationLandscapeLeft UIInterfaceOrientationLandscapeRight";
				INFOPLIST_KEY_UISupportedInterfaceOrientations_iPhone = "UIInterfaceOrientationPortrait UIInterfaceOrientationLandscapeLeft UIInterfaceOrientationLandscapeRight";
				LD_RUNPATH_SEARCH_PATHS = (
					"$(inherited)",
					"@executable_path/Frameworks",
				);
				MARKETING_VERSION = 1.0;
				PRODUCT_BUNDLE_IDENTIFIER = "com.batuhanberkertekin.Programmatic-UI-Test";
				PRODUCT_NAME = "$(TARGET_NAME)";
				SWIFT_EMIT_LOC_STRINGS = YES;
				SWIFT_VERSION = 5.0;
				TARGETED_DEVICE_FAMILY = "1,2";
			};
			name = Release;
		};
		C0B668D62C6890A30094CA08 /* Debug */ = {
			isa = XCBuildConfiguration;
			buildSettings = {
				CODE_SIGN_STYLE = Automatic;
				CURRENT_PROJECT_VERSION = 1;
				DEVELOPMENT_TEAM = P74573WV6R;
				GENERATE_INFOPLIST_FILE = YES;
				MARKETING_VERSION = 1.0;
				PRODUCT_BUNDLE_IDENTIFIER = com.batuhanberkertekin.ProgrammaticTestUITests;
				PRODUCT_NAME = "$(TARGET_NAME)";
				SWIFT_EMIT_LOC_STRINGS = NO;
				SWIFT_VERSION = 5.0;
				TARGETED_DEVICE_FAMILY = "1,2";
				TEST_TARGET_NAME = "Programmatic UI Test";
			};
			name = Debug;
		};
		C0B668D72C6890A30094CA08 /* Release */ = {
			isa = XCBuildConfiguration;
			buildSettings = {
				CODE_SIGN_STYLE = Automatic;
				CURRENT_PROJECT_VERSION = 1;
				DEVELOPMENT_TEAM = P74573WV6R;
				GENERATE_INFOPLIST_FILE = YES;
				MARKETING_VERSION = 1.0;
				PRODUCT_BUNDLE_IDENTIFIER = com.batuhanberkertekin.ProgrammaticTestUITests;
				PRODUCT_NAME = "$(TARGET_NAME)";
				SWIFT_EMIT_LOC_STRINGS = NO;
				SWIFT_VERSION = 5.0;
				TARGETED_DEVICE_FAMILY = "1,2";
				TEST_TARGET_NAME = "Programmatic UI Test";
			};
			name = Release;
		};
/* End XCBuildConfiguration section */

/* Begin XCConfigurationList section */
		C05D36072C67550A003C3755 /* Build configuration list for PBXProject "Programmatic UI Test" */ = {
			isa = XCConfigurationList;
			buildConfigurations = (
				C05D361E2C67550B003C3755 /* Debug */,
				C05D361F2C67550B003C3755 /* Release */,
			);
			defaultConfigurationIsVisible = 0;
			defaultConfigurationName = Release;
		};
		C05D36202C67550B003C3755 /* Build configuration list for PBXNativeTarget "Programmatic UI Test" */ = {
			isa = XCConfigurationList;
			buildConfigurations = (
				C05D36212C67550B003C3755 /* Debug */,
				C05D36222C67550B003C3755 /* Release */,
			);
			defaultConfigurationIsVisible = 0;
			defaultConfigurationName = Release;
		};
		C0B668D52C6890A30094CA08 /* Build configuration list for PBXNativeTarget "ProgrammaticTestUITests" */ = {
			isa = XCConfigurationList;
			buildConfigurations = (
				C0B668D62C6890A30094CA08 /* Debug */,
				C0B668D72C6890A30094CA08 /* Release */,
			);
			defaultConfigurationIsVisible = 0;
			defaultConfigurationName = Release;
		};
/* End XCConfigurationList section */
	};
	rootObject = C05D36042C67550A003C3755 /* Project object */;
}
